// !$*UTF8*$!
{
	archiveVersion = 1;
	classes = {
	};
	objectVersion = 77;
	objects = {

/* Begin PBXContainerItemProxy section */
		E6508C5D2D7B54D200A3F245 /* PBXContainerItemProxy */ = {
			isa = PBXContainerItemProxy;
			containerPortal = E6508C442D7B54D100A3F245 /* Project object */;
			proxyType = 1;
			remoteGlobalIDString = E6508C4B2D7B54D100A3F245;
			remoteInfo = Memoquest;
		};
		E6508C672D7B54D200A3F245 /* PBXContainerItemProxy */ = {
			isa = PBXContainerItemProxy;
			containerPortal = E6508C442D7B54D100A3F245 /* Project object */;
			proxyType = 1;
			remoteGlobalIDString = E6508C4B2D7B54D100A3F245;
			remoteInfo = Memoquest;
		};
/* End PBXContainerItemProxy section */

/* Begin PBXFileReference section */
		E6508C4C2D7B54D100A3F245 /* Memoquest.app */ = {isa = PBXFileReference; explicitFileType = wrapper.application; includeInIndex = 0; path = Memoquest.app; sourceTree = BUILT_PRODUCTS_DIR; };
		E6508C5C2D7B54D200A3F245 /* MemoquestTests.xctest */ = {isa = PBXFileReference; explicitFileType = wrapper.cfbundle; includeInIndex = 0; path = MemoquestTests.xctest; sourceTree = BUILT_PRODUCTS_DIR; };
		E6508C662D7B54D200A3F245 /* MemoquestUITests.xctest */ = {isa = PBXFileReference; explicitFileType = wrapper.cfbundle; includeInIndex = 0; path = MemoquestUITests.xctest; sourceTree = BUILT_PRODUCTS_DIR; };
/* End PBXFileReference section */

/* Begin PBXFileSystemSynchronizedRootGroup section */
		E6508C4E2D7B54D100A3F245 /* Memoquest */ = {
			isa = PBXFileSystemSynchronizedRootGroup;
			path = Memoquest;
			sourceTree = "<group>";
		};
		E6508C5F2D7B54D200A3F245 /* MemoquestTests */ = {
			isa = PBXFileSystemSynchronizedRootGroup;
			path = MemoquestTests;
			sourceTree = "<group>";
		};
		E6508C692D7B54D200A3F245 /* MemoquestUITests */ = {
			isa = PBXFileSystemSynchronizedRootGroup;
			path = MemoquestUITests;
			sourceTree = "<group>";
		};
/* End PBXFileSystemSynchronizedRootGroup section */

/* Begin PBXFrameworksBuildPhase section */
		E6508C492D7B54D100A3F245 /* Frameworks */ = {
			isa = PBXFrameworksBuildPhase;
			buildActionMask = 2147483647;
			files = (
			);
			runOnlyForDeploymentPostprocessing = 0;
		};
		E6508C592D7B54D200A3F245 /* Frameworks */ = {
			isa = PBXFrameworksBuildPhase;
			buildActionMask = 2147483647;
			files = (
			);
			runOnlyForDeploymentPostprocessing = 0;
		};
		E6508C632D7B54D200A3F245 /* Frameworks */ = {
			isa = PBXFrameworksBuildPhase;
			buildActionMask = 2147483647;
			files = (
			);
			runOnlyForDeploymentPostprocessing = 0;
		};
/* End PBXFrameworksBuildPhase section */

/* Begin PBXGroup section */
		E6508C432D7B54D100A3F245 = {
			isa = PBXGroup;
			children = (
				E6508C4E2D7B54D100A3F245 /* Memoquest */,
				E6508C5F2D7B54D200A3F245 /* MemoquestTests */,
				E6508C692D7B54D200A3F245 /* MemoquestUITests */,
				E6508C4D2D7B54D100A3F245 /* Products */,
			);
			sourceTree = "<group>";
		};
		E6508C4D2D7B54D100A3F245 /* Products */ = {
			isa = PBXGroup;
			children = (
				E6508C4C2D7B54D100A3F245 /* Memoquest.app */,
				E6508C5C2D7B54D200A3F245 /* MemoquestTests.xctest */,
				E6508C662D7B54D200A3F245 /* MemoquestUITests.xctest */,
			);
			name = Products;
			sourceTree = "<group>";
		};
/* End PBXGroup section */

/* Begin PBXNativeTarget section */
		E6508C4B2D7B54D100A3F245 /* Memoquest */ = {
			isa = PBXNativeTarget;
			buildConfigurationList = E6508C702D7B54D200A3F245 /* Build configuration list for PBXNativeTarget "Memoquest" */;
			buildPhases = (
				E6508C482D7B54D100A3F245 /* Sources */,
				E6508C492D7B54D100A3F245 /* Frameworks */,
				E6508C4A2D7B54D100A3F245 /* Resources */,
			);
			buildRules = (
			);
			dependencies = (
			);
			fileSystemSynchronizedGroups = (
				E6508C4E2D7B54D100A3F245 /* Memoquest */,
			);
			name = Memoquest;
			packageProductDependencies = (
			);
			productName = Memoquest;
			productReference = E6508C4C2D7B54D100A3F245 /* Memoquest.app */;
			productType = "com.apple.product-type.application";
		};
		E6508C5B2D7B54D200A3F245 /* MemoquestTests */ = {
			isa = PBXNativeTarget;
			buildConfigurationList = E6508C732D7B54D200A3F245 /* Build configuration list for PBXNativeTarget "MemoquestTests" */;
			buildPhases = (
				E6508C582D7B54D200A3F245 /* Sources */,
				E6508C592D7B54D200A3F245 /* Frameworks */,
				E6508C5A2D7B54D200A3F245 /* Resources */,
			);
			buildRules = (
			);
			dependencies = (
				E6508C5E2D7B54D200A3F245 /* PBXTargetDependency */,
			);
			fileSystemSynchronizedGroups = (
				E6508C5F2D7B54D200A3F245 /* MemoquestTests */,
			);
			name = MemoquestTests;
			packageProductDependencies = (
			);
			productName = MemoquestTests;
			productReference = E6508C5C2D7B54D200A3F245 /* MemoquestTests.xctest */;
			productType = "com.apple.product-type.bundle.unit-test";
		};
		E6508C652D7B54D200A3F245 /* MemoquestUITests */ = {
			isa = PBXNativeTarget;
			buildConfigurationList = E6508C762D7B54D200A3F245 /* Build configuration list for PBXNativeTarget "MemoquestUITests" */;
			buildPhases = (
				E6508C622D7B54D200A3F245 /* Sources */,
				E6508C632D7B54D200A3F245 /* Frameworks */,
				E6508C642D7B54D200A3F245 /* Resources */,
			);
			buildRules = (
			);
			dependencies = (
				E6508C682D7B54D200A3F245 /* PBXTargetDependency */,
			);
			fileSystemSynchronizedGroups = (
				E6508C692D7B54D200A3F245 /* MemoquestUITests */,
			);
			name = MemoquestUITests;
			packageProductDependencies = (
			);
			productName = MemoquestUITests;
			productReference = E6508C662D7B54D200A3F245 /* MemoquestUITests.xctest */;
			productType = "com.apple.product-type.bundle.ui-testing";
		};
/* End PBXNativeTarget section */

/* Begin PBXProject section */
		E6508C442D7B54D100A3F245 /* Project object */ = {
			isa = PBXProject;
			attributes = {
				BuildIndependentTargetsInParallel = 1;
				LastSwiftUpdateCheck = 1610;
				LastUpgradeCheck = 1610;
				TargetAttributes = {
					E6508C4B2D7B54D100A3F245 = {
						CreatedOnToolsVersion = 16.1;
					};
					E6508C5B2D7B54D200A3F245 = {
						CreatedOnToolsVersion = 16.1;
						TestTargetID = E6508C4B2D7B54D100A3F245;
					};
					E6508C652D7B54D200A3F245 = {
						CreatedOnToolsVersion = 16.1;
						TestTargetID = E6508C4B2D7B54D100A3F245;
					};
				};
			};
			buildConfigurationList = E6508C472D7B54D100A3F245 /* Build configuration list for PBXProject "Memoquest" */;
			developmentRegion = en;
			hasScannedForEncodings = 0;
			knownRegions = (
				en,
				Base,
			);
			mainGroup = E6508C432D7B54D100A3F245;
			minimizedProjectReferenceProxies = 1;
			preferredProjectObjectVersion = 77;
			productRefGroup = E6508C4D2D7B54D100A3F245 /* Products */;
			projectDirPath = "";
			projectRoot = "";
			targets = (
				E6508C4B2D7B54D100A3F245 /* Memoquest */,
				E6508C5B2D7B54D200A3F245 /* MemoquestTests */,
				E6508C652D7B54D200A3F245 /* MemoquestUITests */,
			);
		};
/* End PBXProject section */

/* Begin PBXResourcesBuildPhase section */
		E6508C4A2D7B54D100A3F245 /* Resources */ = {
			isa = PBXResourcesBuildPhase;
			buildActionMask = 2147483647;
			files = (
			);
			runOnlyForDeploymentPostprocessing = 0;
		};
		E6508C5A2D7B54D200A3F245 /* Resources */ = {
			isa = PBXResourcesBuildPhase;
			buildActionMask = 2147483647;
			files = (
			);
			runOnlyForDeploymentPostprocessing = 0;
		};
		E6508C642D7B54D200A3F245 /* Resources */ = {
			isa = PBXResourcesBuildPhase;
			buildActionMask = 2147483647;
			files = (
			);
			runOnlyForDeploymentPostprocessing = 0;
		};
/* End PBXResourcesBuildPhase section */

/* Begin PBXSourcesBuildPhase section */
		E6508C482D7B54D100A3F245 /* Sources */ = {
			isa = PBXSourcesBuildPhase;
			buildActionMask = 2147483647;
			files = (
			);
			runOnlyForDeploymentPostprocessing = 0;
		};
		E6508C582D7B54D200A3F245 /* Sources */ = {
			isa = PBXSourcesBuildPhase;
			buildActionMask = 2147483647;
			files = (
			);
			runOnlyForDeploymentPostprocessing = 0;
		};
		E6508C622D7B54D200A3F245 /* Sources */ = {
			isa = PBXSourcesBuildPhase;
			buildActionMask = 2147483647;
			files = (
			);
			runOnlyForDeploymentPostprocessing = 0;
		};
/* End PBXSourcesBuildPhase section */

/* Begin PBXTargetDependency section */
		E6508C5E2D7B54D200A3F245 /* PBXTargetDependency */ = {
			isa = PBXTargetDependency;
			target = E6508C4B2D7B54D100A3F245 /* Memoquest */;
			targetProxy = E6508C5D2D7B54D200A3F245 /* PBXContainerItemProxy */;
		};
		E6508C682D7B54D200A3F245 /* PBXTargetDependency */ = {
			isa = PBXTargetDependency;
			target = E6508C4B2D7B54D100A3F245 /* Memoquest */;
			targetProxy = E6508C672D7B54D200A3F245 /* PBXContainerItemProxy */;
		};
/* End PBXTargetDependency section */

/* Begin XCBuildConfiguration section */
		E6508C6E2D7B54D200A3F245 /* Debug */ = {
			isa = XCBuildConfiguration;
			buildSettings = {
				ALWAYS_SEARCH_USER_PATHS = NO;
				ASSETCATALOG_COMPILER_GENERATE_SWIFT_ASSET_SYMBOL_EXTENSIONS = YES;
				CLANG_ANALYZER_NONNULL = YES;
				CLANG_ANALYZER_NUMBER_OBJECT_CONVERSION = YES_AGGRESSIVE;
				CLANG_CXX_LANGUAGE_STANDARD = "gnu++20";
				CLANG_ENABLE_MODULES = YES;
				CLANG_ENABLE_OBJC_ARC = YES;
				CLANG_ENABLE_OBJC_WEAK = YES;
				CLANG_WARN_BLOCK_CAPTURE_AUTORELEASING = YES;
				CLANG_WARN_BOOL_CONVERSION = YES;
				CLANG_WARN_COMMA = YES;
				CLANG_WARN_CONSTANT_CONVERSION = YES;
				CLANG_WARN_DEPRECATED_OBJC_IMPLEMENTATIONS = YES;
				CLANG_WARN_DIRECT_OBJC_ISA_USAGE = YES_ERROR;
				CLANG_WARN_DOCUMENTATION_COMMENTS = YES;
				CLANG_WARN_EMPTY_BODY = YES;
				CLANG_WARN_ENUM_CONVERSION = YES;
				CLANG_WARN_INFINITE_RECURSION = YES;
				CLANG_WARN_INT_CONVERSION = YES;
				CLANG_WARN_NON_LITERAL_NULL_CONVERSION = YES;
				CLANG_WARN_OBJC_IMPLICIT_RETAIN_SELF = YES;
				CLANG_WARN_OBJC_LITERAL_CONVERSION = YES;
				CLANG_WARN_OBJC_ROOT_CLASS = YES_ERROR;
				CLANG_WARN_QUOTED_INCLUDE_IN_FRAMEWORK_HEADER = YES;
				CLANG_WARN_RANGE_LOOP_ANALYSIS = YES;
				CLANG_WARN_STRICT_PROTOTYPES = YES;
				CLANG_WARN_SUSPICIOUS_MOVE = YES;
				CLANG_WARN_UNGUARDED_AVAILABILITY = YES_AGGRESSIVE;
				CLANG_WARN_UNREACHABLE_CODE = YES;
				CLANG_WARN__DUPLICATE_METHOD_MATCH = YES;
				COPY_PHASE_STRIP = NO;
				DEBUG_INFORMATION_FORMAT = dwarf;
				ENABLE_STRICT_OBJC_MSGSEND = YES;
				ENABLE_TESTABILITY = YES;
				ENABLE_USER_SCRIPT_SANDBOXING = YES;
				GCC_C_LANGUAGE_STANDARD = gnu17;
				GCC_DYNAMIC_NO_PIC = NO;
				GCC_NO_COMMON_BLOCKS = YES;
				GCC_OPTIMIZATION_LEVEL = 0;
				GCC_PREPROCESSOR_DEFINITIONS = (
					"DEBUG=1",
					"$(inherited)",
				);
				GCC_WARN_64_TO_32_BIT_CONVERSION = YES;
				GCC_WARN_ABOUT_RETURN_TYPE = YES_ERROR;
				GCC_WARN_UNDECLARED_SELECTOR = YES;
				GCC_WARN_UNINITIALIZED_AUTOS = YES_AGGRESSIVE;
				GCC_WARN_UNUSED_FUNCTION = YES;
				GCC_WARN_UNUSED_VARIABLE = YES;
				IPHONEOS_DEPLOYMENT_TARGET = 18.1;
				LOCALIZATION_PREFERS_STRING_CATALOGS = YES;
				MTL_ENABLE_DEBUG_INFO = INCLUDE_SOURCE;
				MTL_FAST_MATH = YES;
				ONLY_ACTIVE_ARCH = YES;
				SDKROOT = iphoneos;
				SWIFT_ACTIVE_COMPILATION_CONDITIONS = "DEBUG $(inherited)";
				SWIFT_OPTIMIZATION_LEVEL = "-Onone";
			};
			name = Debug;
		};
		E6508C6F2D7B54D200A3F245 /* Release */ = {
			isa = XCBuildConfiguration;
			buildSettings = {
				ALWAYS_SEARCH_USER_PATHS = NO;
				ASSETCATALOG_COMPILER_GENERATE_SWIFT_ASSET_SYMBOL_EXTENSIONS = YES;
				CLANG_ANALYZER_NONNULL = YES;
				CLANG_ANALYZER_NUMBER_OBJECT_CONVERSION = YES_AGGRESSIVE;
				CLANG_CXX_LANGUAGE_STANDARD = "gnu++20";
				CLANG_ENABLE_MODULES = YES;
				CLANG_ENABLE_OBJC_ARC = YES;
				CLANG_ENABLE_OBJC_WEAK = YES;
				CLANG_WARN_BLOCK_CAPTURE_AUTORELEASING = YES;
				CLANG_WARN_BOOL_CONVERSION = YES;
				CLANG_WARN_COMMA = YES;
				CLANG_WARN_CONSTANT_CONVERSION = YES;
				CLANG_WARN_DEPRECATED_OBJC_IMPLEMENTATIONS = YES;
				CLANG_WARN_DIRECT_OBJC_ISA_USAGE = YES_ERROR;
				CLANG_WARN_DOCUMENTATION_COMMENTS = YES;
				CLANG_WARN_EMPTY_BODY = YES;
				CLANG_WARN_ENUM_CONVERSION = YES;
				CLANG_WARN_INFINITE_RECURSION = YES;
				CLANG_WARN_INT_CONVERSION = YES;
				CLANG_WARN_NON_LITERAL_NULL_CONVERSION = YES;
				CLANG_WARN_OBJC_IMPLICIT_RETAIN_SELF = YES;
				CLANG_WARN_OBJC_LITERAL_CONVERSION = YES;
				CLANG_WARN_OBJC_ROOT_CLASS = YES_ERROR;
				CLANG_WARN_QUOTED_INCLUDE_IN_FRAMEWORK_HEADER = YES;
				CLANG_WARN_RANGE_LOOP_ANALYSIS = YES;
				CLANG_WARN_STRICT_PROTOTYPES = YES;
				CLANG_WARN_SUSPICIOUS_MOVE = YES;
				CLANG_WARN_UNGUARDED_AVAILABILITY = YES_AGGRESSIVE;
				CLANG_WARN_UNREACHABLE_CODE = YES;
				CLANG_WARN__DUPLICATE_METHOD_MATCH = YES;
				COPY_PHASE_STRIP = NO;
				DEBUG_INFORMATION_FORMAT = "dwarf-with-dsym";
				ENABLE_NS_ASSERTIONS = NO;
				ENABLE_STRICT_OBJC_MSGSEND = YES;
				ENABLE_USER_SCRIPT_SANDBOXING = YES;
				GCC_C_LANGUAGE_STANDARD = gnu17;
				GCC_NO_COMMON_BLOCKS = YES;
				GCC_WARN_64_TO_32_BIT_CONVERSION = YES;
				GCC_WARN_ABOUT_RETURN_TYPE = YES_ERROR;
				GCC_WARN_UNDECLARED_SELECTOR = YES;
				GCC_WARN_UNINITIALIZED_AUTOS = YES_AGGRESSIVE;
				GCC_WARN_UNUSED_FUNCTION = YES;
				GCC_WARN_UNUSED_VARIABLE = YES;
				IPHONEOS_DEPLOYMENT_TARGET = 18.1;
				LOCALIZATION_PREFERS_STRING_CATALOGS = YES;
				MTL_ENABLE_DEBUG_INFO = NO;
				MTL_FAST_MATH = YES;
				SDKROOT = iphoneos;
				SWIFT_COMPILATION_MODE = wholemodule;
				VALIDATE_PRODUCT = YES;
			};
			name = Release;
		};
		E6508C712D7B54D200A3F245 /* Debug */ = {
			isa = XCBuildConfiguration;
			buildSettings = {
				ASSETCATALOG_COMPILER_APPICON_NAME = AppIcon;
				ASSETCATALOG_COMPILER_GLOBAL_ACCENT_COLOR_NAME = AccentColor;
				CODE_SIGN_STYLE = Automatic;
				CURRENT_PROJECT_VERSION = 1;
				DEVELOPMENT_ASSET_PATHS = "\"Memoquest/Preview Content\"";
				ENABLE_PREVIEWS = YES;
				GENERATE_INFOPLIST_FILE = YES;
				INFOPLIST_KEY_UIApplicationSceneManifest_Generation = YES;
				INFOPLIST_KEY_UIApplicationSupportsIndirectInputEvents = YES;
				INFOPLIST_KEY_UILaunchScreen_Generation = YES;
				INFOPLIST_KEY_UISupportedInterfaceOrientations_iPad = "UIInterfaceOrientationPortrait UIInterfaceOrientationPortraitUpsideDown UIInterfaceOrientationLandscapeLeft UIInterfaceOrientationLandscapeRight";
				INFOPLIST_KEY_UISupportedInterfaceOrientations_iPhone = "UIInterfaceOrientationPortrait UIInterfaceOrientationLandscapeLeft UIInterfaceOrientationLandscapeRight";
				LD_RUNPATH_SEARCH_PATHS = (
					"$(inherited)",
					"@executable_path/Frameworks",
				);
				MARKETING_VERSION = 1.0;
				PRODUCT_BUNDLE_IDENTIFIER = "Prova-examen-git.Memoquest";
				PRODUCT_NAME = "$(TARGET_NAME)";
				SWIFT_EMIT_LOC_STRINGS = YES;
				SWIFT_VERSION = 5.0;
				TARGETED_DEVICE_FAMILY = "1,2";
			};
			name = Debug;
		};
		E6508C722D7B54D200A3F245 /* Release */ = {
			isa = XCBuildConfiguration;
			buildSettings = {
				ASSETCATALOG_COMPILER_APPICON_NAME = AppIcon;
				ASSETCATALOG_COMPILER_GLOBAL_ACCENT_COLOR_NAME = AccentColor;
				CODE_SIGN_STYLE = Automatic;
				CURRENT_PROJECT_VERSION = 1;
				DEVELOPMENT_ASSET_PATHS = "\"Memoquest/Preview Content\"";
				ENABLE_PREVIEWS = YES;
				GENERATE_INFOPLIST_FILE = YES;
				INFOPLIST_KEY_UIApplicationSceneManifest_Generation = YES;
				INFOPLIST_KEY_UIApplicationSupportsIndirectInputEvents = YES;
				INFOPLIST_KEY_UILaunchScreen_Generation = YES;
				INFOPLIST_KEY_UISupportedInterfaceOrientations_iPad = "UIInterfaceOrientationPortrait UIInterfaceOrientationPortraitUpsideDown UIInterfaceOrientationLandscapeLeft UIInterfaceOrientationLandscapeRight";
				INFOPLIST_KEY_UISupportedInterfaceOrientations_iPhone = "UIInterfaceOrientationPortrait UIInterfaceOrientationLandscapeLeft UIInterfaceOrientationLandscapeRight";
				LD_RUNPATH_SEARCH_PATHS = (
					"$(inherited)",
					"@executable_path/Frameworks",
				);
				MARKETING_VERSION = 1.0;
				PRODUCT_BUNDLE_IDENTIFIER = "Prova-examen-git.Memoquest";
				PRODUCT_NAME = "$(TARGET_NAME)";
				SWIFT_EMIT_LOC_STRINGS = YES;
				SWIFT_VERSION = 5.0;
				TARGETED_DEVICE_FAMILY = "1,2";
			};
			name = Release;
		};
		E6508C742D7B54D200A3F245 /* Debug */ = {
			isa = XCBuildConfiguration;
			buildSettings = {
				BUNDLE_LOADER = "$(TEST_HOST)";
				CODE_SIGN_STYLE = Automatic;
				CURRENT_PROJECT_VERSION = 1;
				GENERATE_INFOPLIST_FILE = YES;
				IPHONEOS_DEPLOYMENT_TARGET = 18.1;
				MARKETING_VERSION = 1.0;
				PRODUCT_BUNDLE_IDENTIFIER = "Prova-examen-git.MemoquestTests";
				PRODUCT_NAME = "$(TARGET_NAME)";
				SWIFT_EMIT_LOC_STRINGS = NO;
				SWIFT_VERSION = 5.0;
				TARGETED_DEVICE_FAMILY = "1,2";
				TEST_HOST = "$(BUILT_PRODUCTS_DIR)/Memoquest.app/$(BUNDLE_EXECUTABLE_FOLDER_PATH)/Memoquest";
			};
			name = Debug;
		};
		E6508C752D7B54D200A3F245 /* Release */ = {
			isa = XCBuildConfiguration;
			buildSettings = {
				BUNDLE_LOADER = "$(TEST_HOST)";
				CODE_SIGN_STYLE = Automatic;
				CURRENT_PROJECT_VERSION = 1;
				GENERATE_INFOPLIST_FILE = YES;
				IPHONEOS_DEPLOYMENT_TARGET = 18.1;
				MARKETING_VERSION = 1.0;
				PRODUCT_BUNDLE_IDENTIFIER = "Prova-examen-git.MemoquestTests";
				PRODUCT_NAME = "$(TARGET_NAME)";
				SWIFT_EMIT_LOC_STRINGS = NO;
				SWIFT_VERSION = 5.0;
				TARGETED_DEVICE_FAMILY = "1,2";
				TEST_HOST = "$(BUILT_PRODUCTS_DIR)/Memoquest.app/$(BUNDLE_EXECUTABLE_FOLDER_PATH)/Memoquest";
			};
			name = Release;
		};
		E6508C772D7B54D200A3F245 /* Debug */ = {
			isa = XCBuildConfiguration;
			buildSettings = {
				CODE_SIGN_STYLE = Automatic;
				CURRENT_PROJECT_VERSION = 1;
				GENERATE_INFOPLIST_FILE = YES;
				MARKETING_VERSION = 1.0;
				PRODUCT_BUNDLE_IDENTIFIER = "Prova-examen-git.MemoquestUITests";
				PRODUCT_NAME = "$(TARGET_NAME)";
				SWIFT_EMIT_LOC_STRINGS = NO;
				SWIFT_VERSION = 5.0;
				TARGETED_DEVICE_FAMILY = "1,2";
				TEST_TARGET_NAME = Memoquest;
			};
			name = Debug;
		};
		E6508C782D7B54D200A3F245 /* Release */ = {
			isa = XCBuildConfiguration;
			buildSettings = {
				CODE_SIGN_STYLE = Automatic;
				CURRENT_PROJECT_VERSION = 1;
				GENERATE_INFOPLIST_FILE = YES;
				MARKETING_VERSION = 1.0;
				PRODUCT_BUNDLE_IDENTIFIER = "Prova-examen-git.MemoquestUITests";
				PRODUCT_NAME = "$(TARGET_NAME)";
				SWIFT_EMIT_LOC_STRINGS = NO;
				SWIFT_VERSION = 5.0;
				TARGETED_DEVICE_FAMILY = "1,2";
				TEST_TARGET_NAME = Memoquest;
			};
			name = Release;
		};
/* End XCBuildConfiguration section */

/* Begin XCConfigurationList section */
		E6508C472D7B54D100A3F245 /* Build configuration list for PBXProject "Memoquest" */ = {
			isa = XCConfigurationList;
			buildConfigurations = (
				E6508C6E2D7B54D200A3F245 /* Debug */,
				E6508C6F2D7B54D200A3F245 /* Release */,
			);
			defaultConfigurationIsVisible = 0;
			defaultConfigurationName = Release;
		};
		E6508C702D7B54D200A3F245 /* Build configuration list for PBXNativeTarget "Memoquest" */ = {
			isa = XCConfigurationList;
			buildConfigurations = (
				E6508C712D7B54D200A3F245 /* Debug */,
				E6508C722D7B54D200A3F245 /* Release */,
			);
			defaultConfigurationIsVisible = 0;
			defaultConfigurationName = Release;
		};
		E6508C732D7B54D200A3F245 /* Build configuration list for PBXNativeTarget "MemoquestTests" */ = {
			isa = XCConfigurationList;
			buildConfigurations = (
				E6508C742D7B54D200A3F245 /* Debug */,
				E6508C752D7B54D200A3F245 /* Release */,
			);
			defaultConfigurationIsVisible = 0;
			defaultConfigurationName = Release;
		};
		E6508C762D7B54D200A3F245 /* Build configuration list for PBXNativeTarget "MemoquestUITests" */ = {
			isa = XCConfigurationList;
			buildConfigurations = (
				E6508C772D7B54D200A3F245 /* Debug */,
				E6508C782D7B54D200A3F245 /* Release */,
			);
			defaultConfigurationIsVisible = 0;
			defaultConfigurationName = Release;
		};
/* End XCConfigurationList section */
	};
	rootObject = E6508C442D7B54D100A3F245 /* Project object */;
}
